
Microsoft Visual Studio Solution File, Format Version 12.00
# Visual Studio Version 17
VisualStudioVersion = 17.11.35327.3
MinimumVisualStudioVersion = 10.0.40219.1
Project("{FAE04EC0-301F-11D3-BF4B-00C04F79EFBC}") = "Airlines.API", "Airlines.API\Airlines.API.csproj", "{DA32B0CF-FDDF-4CE7-8AA6-735B92DF0ECF}"
EndProject
Global
	GlobalSection(SolutionConfigurationPlatforms) = preSolution
		Debug|Any CPU = Debug|Any CPU
		Release|Any CPU = Release|Any CPU
	EndGlobalSection
	GlobalSection(ProjectConfigurationPlatforms) = postSolution
		{DA32B0CF-FDDF-4CE7-8AA6-735B92DF0ECF}.Debug|Any CPU.ActiveCfg = Debug|Any CPU
		{DA32B0CF-FDDF-4CE7-8AA6-735B92DF0ECF}.Debug|Any CPU.Build.0 = Debug|Any CPU
		{DA32B0CF-FDDF-4CE7-8AA6-735B92DF0ECF}.Release|Any CPU.ActiveCfg = Release|Any CPU
		{DA32B0CF-FDDF-4CE7-8AA6-735B92DF0ECF}.Release|Any CPU.Build.0 = Release|Any CPU
	EndGlobalSection
	GlobalSection(SolutionProperties) = preSolution
		HideSolutionNode = FALSE
	EndGlobalSection
	GlobalSection(ExtensibilityGlobals) = postSolution
		SolutionGuid = {45638695-85BD-4C34-B406-8FB5D5219C3E}
	EndGlobalSection
EndGlobal
